
Microsoft Visual Studio Solution File, Format Version 12.00
# Visual Studio Version 16
VisualStudioVersion = 16.0.31624.102
MinimumVisualStudioVersion = 10.0.40219.1
Project("{FAE04EC0-301F-11D3-BF4B-00C04F79EFBC}") = "NumberGame", "NumberGame\NumberGame.csproj", "{23C91491-AEC5-4278-82A8-87DE55321630}"
EndProject
Global
	GlobalSection(SolutionConfigurationPlatforms) = preSolution
		Debug|Any CPU = Debug|Any CPU
		Release|Any CPU = Release|Any CPU
	EndGlobalSection
	GlobalSection(ProjectConfigurationPlatforms) = postSolution
		{23C91491-AEC5-4278-82A8-87DE55321630}.Debug|Any CPU.ActiveCfg = Debug|Any CPU
		{23C91491-AEC5-4278-82A8-87DE55321630}.Debug|Any CPU.Build.0 = Debug|Any CPU
		{23C91491-AEC5-4278-82A8-87DE55321630}.Release|Any CPU.ActiveCfg = Release|Any CPU
		{23C91491-AEC5-4278-82A8-87DE55321630}.Release|Any CPU.Build.0 = Release|Any CPU
	EndGlobalSection
	GlobalSection(SolutionProperties) = preSolution
		HideSolutionNode = FALSE
	EndGlobalSection
	GlobalSection(ExtensibilityGlobals) = postSolution
		SolutionGuid = {A12B3526-BC3C-43CC-887B-659E2710B8D0}
	EndGlobalSection
EndGlobal
